
Microsoft Visual Studio Solution File, Format Version 12.00
# Visual Studio Version 17
VisualStudioVersion = 17.0.32126.317
MinimumVisualStudioVersion = 10.0.40219.1
Project("{9A19103F-16F7-4668-BE54-9A1E7A4F7556}") = "Carpool.DAL", "Carpool.DAL\Carpool.DAL.csproj", "{99C2B88F-920D-42E8-B3EB-95EE4447AE42}"
EndProject
Project("{FAE04EC0-301F-11D3-BF4B-00C04F79EFBC}") = "Carpool.Common", "Carpool.Common\Carpool.Common.csproj", "{91E7E986-13E4-4636-B9FD-FF03724B7186}"
EndProject
Global
	GlobalSection(SolutionConfigurationPlatforms) = preSolution
		Debug|Any CPU = Debug|Any CPU
		Release|Any CPU = Release|Any CPU
	EndGlobalSection
	GlobalSection(ProjectConfigurationPlatforms) = postSolution
		{99C2B88F-920D-42E8-B3EB-95EE4447AE42}.Debug|Any CPU.ActiveCfg = Debug|Any CPU
		{99C2B88F-920D-42E8-B3EB-95EE4447AE42}.Debug|Any CPU.Build.0 = Debug|Any CPU
		{99C2B88F-920D-42E8-B3EB-95EE4447AE42}.Release|Any CPU.ActiveCfg = Release|Any CPU
		{99C2B88F-920D-42E8-B3EB-95EE4447AE42}.Release|Any CPU.Build.0 = Release|Any CPU
		{91E7E986-13E4-4636-B9FD-FF03724B7186}.Debug|Any CPU.ActiveCfg = Debug|Any CPU
		{91E7E986-13E4-4636-B9FD-FF03724B7186}.Debug|Any CPU.Build.0 = Debug|Any CPU
		{91E7E986-13E4-4636-B9FD-FF03724B7186}.Release|Any CPU.ActiveCfg = Release|Any CPU
		{91E7E986-13E4-4636-B9FD-FF03724B7186}.Release|Any CPU.Build.0 = Release|Any CPU
	EndGlobalSection
	GlobalSection(SolutionProperties) = preSolution
		HideSolutionNode = FALSE
	EndGlobalSection
	GlobalSection(ExtensibilityGlobals) = postSolution
		SolutionGuid = {0CAA725D-A1B3-41BC-9399-87144C35CB31}
	EndGlobalSection
EndGlobal
